<?xml version="1.0" encoding="utf-8"?>
<Project ToolsVersion="4.0" xmlns="http://schemas.microsoft.com/developer/msbuild/2003">
  <ItemGroup>
    <Filter Include="Source Files">
      <UniqueIdentifier>{4FC737F1-C7A5-4376-A066-2A32D752A2FF}</UniqueIdentifier>
      <Extensions>cpp;c;cc;cxx;def;odl;idl;hpj;bat;asm;asmx</Extensions>
    </Filter>
    <Filter Include="Header Files">
      <UniqueIdentifier>{93995380-89BD-4b04-88EB-625FBE52EBFB}</UniqueIdentifier>
      <Extensions>h;hh;hpp;hxx;hm;inl;inc;xsd</Extensions>
    </Filter>
    <Filter Include="Resource Files">
      <UniqueIdentifier>{67DA6AB6-F800-4c08-8B7A-83BB121AAD01}</UniqueIdentifier>
      <Extensions>rc;ico;cur;bmp;dlg;rc2;rct;bin;rgs;gif;jpg;jpeg;jpe;resx;tiff;tif;png;wav;mfcribbon-ms</Extensions>
    </Filter>
    <Filter Include="CUDA">
      <UniqueIdentifier>{9ccf29e6-9bd6-435f-90f5-fb1fb87f5f32}</UniqueIdentifier>
    </Filter>
  </ItemGroup>
  <ItemGroup>
    <ClCompile Include="main.cpp">
      <Filter>Source Files</Filter>
    </ClCompile>
    <ClCompile Include="Image.cpp">
      <Filter>Source Files</Filter>
    </ClCompile>
    <ClCompile Include="ImagePatch.h">
      <Filter>Header Files</Filter>
    </ClCompile>
    <ClCompile Include="lodepng.cpp">
      <Filter>Source Files</Filter>
    </ClCompile>
    <ClCompile Include="ImageBlockProcessor.cpp">
      <Filter>Source Files</Filter>
    </ClCompile>
    <ClCompile Include="SortedPatchCollection.cpp">
      <Filter>Source Files</Filter>
    </ClCompile>
    <ClCompile Include="BufferAggregator.cpp">
      <Filter>Source Files</Filter>
    </ClCompile>
    <ClCompile Include="BM3DImageBlockProcessor.cpp">
      <Filter>Source Files</Filter>
    </ClCompile>
    <ClCompile Include="ImagePartitioner.cpp">
      <Filter>Source Files</Filter>
    </ClCompile>
    <ClCompile Include="BM3DParallelFunctions.cpp">
      <Filter>Source Files</Filter>
    </ClCompile>
    <ClCompile Include="Statistics.cpp">
      <Filter>Source Files</Filter>
    </ClCompile>
    <ClCompile Include="BM3DCollaborativeFilterKernel.cpp">
      <Filter>Source Files</Filter>
    </ClCompile>
    <ClCompile Include="BM3DImageBlockProcessorFunctions.cpp">
      <Filter>Source Files</Filter>
    </ClCompile>
    <ClCompile Include="BM3DWienerFilterKernel.cpp">
      <Filter>Source Files</Filter>
    </ClCompile>
    <ClCompile Include="ImageBlockProcessorFunctions.cpp">
      <Filter>Source Files</Filter>
    </ClCompile>
    <ClCompile Include="IntergralImageComputerTBB.cpp">
      <Filter>Source Files</Filter>
    </ClCompile>
    <ClCompile Include="BlockMatchingComputerTBB.cpp">
      <Filter>Source Files</Filter>
    </ClCompile>
    <ClCompile Include="ColourSpaceTransforms.cpp">
      <Filter>Source Files</Filter>
    </ClCompile>
    <ClCompile Include="BM3DImageBlockProcessorBOOST.cpp">
      <Filter>Source Files</Filter>
    </ClCompile>
    <ClCompile Include="RangePartitioner.cpp">
      <Filter>Source Files</Filter>
    </ClCompile>
    <ClCompile Include="BM3DCollaborativeFunctor.cpp">
      <Filter>Source Files</Filter>
    </ClCompile>
    <ClCompile Include="BM3DWienerFunctor.cpp">
      <Filter>Source Files</Filter>
    </ClCompile>
    <ClCompile Include="ImageBlockProcessorBOOST.cpp">
      <Filter>Source Files</Filter>
    </ClCompile>
    <ClCompile Include="NLMeansImageBlockProcessor.cpp">
      <Filter>Source Files</Filter>
    </ClCompile>
    <ClCompile Include="EXRIO.cpp">
      <Filter>Source Files</Filter>
    </ClCompile>
    <ClCompile Include="BM3DCollaborativeFunctorNN.cpp">
      <Filter>Source Files</Filter>
    </ClCompile>
    <ClCompile Include="BM3DImageBlockProcessorNN.cpp">
      <Filter>Source Files</Filter>
    </ClCompile>
    <ClCompile Include="BM3DImageBlockProcessorNNBOOST.cpp">
      <Filter>Source Files</Filter>
    </ClCompile>
  </ItemGroup>
  <ItemGroup>
    <ClInclude Include="Image.h">
      <Filter>Header Files</Filter>
    </ClInclude>
    <ClInclude Include="common.h">
      <Filter>Header Files</Filter>
    </ClInclude>
    <ClInclude Include="lodepng.h">
      <Filter>Header Files</Filter>
    </ClInclude>
    <ClInclude Include="ImageBlockProcessor.h">
      <Filter>Header Files</Filter>
    </ClInclude>
    <ClInclude Include="IDX2.h">
      <Filter>Header Files</Filter>
    </ClInclude>
    <ClInclude Include="Rectangle.h">
      <Filter>Header Files</Filter>
    </ClInclude>
    <ClInclude Include="SortedPatchCollection.h">
      <Filter>Header Files</Filter>
    </ClInclude>
    <ClInclude Include="BufferAggregator.h">
      <Filter>Header Files</Filter>
    </ClInclude>
    <ClInclude Include="Dimension.h">
      <Filter>Header Files</Filter>
    </ClInclude>
    <ClInclude Include="BM3DImageBlockProcessor.h">
      <Filter>Header Files</Filter>
    </ClInclude>
    <ClInclude Include="BM3DSettings.h">
      <Filter>Header Files</Filter>
    </ClInclude>
    <ClInclude Include="ImagePartitioner.h">
      <Filter>Header Files</Filter>
    </ClInclude>
    <ClInclude Include="BM3DParallelFunctions.h">
      <Filter>Header Files</Filter>
    </ClInclude>
    <ClInclude Include="Statistics.h">
      <Filter>Header Files</Filter>
    </ClInclude>
    <ClInclude Include="BM3DCollaborativeFilterKernel.h">
      <Filter>Header Files</Filter>
    </ClInclude>
    <ClInclude Include="Transforms.h">
      <Filter>Header Files</Filter>
    </ClInclude>
    <ClInclude Include="BM3DImageBlockProcessorFunctions.h">
      <Filter>Header Files</Filter>
    </ClInclude>
    <ClInclude Include="BM3DWienerFilterKernel.h">
      <Filter>Header Files</Filter>
    </ClInclude>
    <ClInclude Include="ImageBlockProcessorFunctions.h">
      <Filter>Header Files</Filter>
    </ClInclude>
    <ClInclude Include="ImageBlockProcessorSettings.h">
      <Filter>Header Files</Filter>
    </ClInclude>
    <ClInclude Include="ImageBlockProcessorSettingsInternal.h">
      <Filter>Header Files</Filter>
    </ClInclude>
    <ClInclude Include="IntergralImageComputerTBB.h">
      <Filter>Header Files</Filter>
    </ClInclude>
    <ClInclude Include="BlockMatchingComputerTBB.h">
      <Filter>Header Files</Filter>
    </ClInclude>
    <ClInclude Include="ColourSpaceTransforms.h">
      <Filter>Header Files</Filter>
    </ClInclude>
    <ClInclude Include="BM3DImageBlockProcessorBOOST.h">
      <Filter>Header Files</Filter>
    </ClInclude>
    <ClInclude Include="RangePartitioner.h">
      <Filter>Header Files</Filter>
    </ClInclude>
    <ClInclude Include="Definitions.h">
      <Filter>Header Files</Filter>
    </ClInclude>
    <ClInclude Include="BM3DCollaborativeFunctor.h">
      <Filter>Header Files</Filter>
    </ClInclude>
    <ClInclude Include="BM3DWienerFunctor.h">
      <Filter>Header Files</Filter>
    </ClInclude>
    <ClInclude Include="ImageBlockProcessorBOOST.h">
      <Filter>Header Files</Filter>
    </ClInclude>
    <ClInclude Include="TRANSFORM_DOMAIN_FORMATS.h">
      <Filter>Header Files</Filter>
    </ClInclude>
    <ClInclude Include="NLMeansImageBlockProcessor.h">
      <Filter>Header Files</Filter>
    </ClInclude>
    <ClInclude Include="NLMeansSettings.h">
      <Filter>Header Files</Filter>
    </ClInclude>
    <ClInclude Include="EXRIO.h">
      <Filter>Header Files</Filter>
    </ClInclude>
    <ClInclude Include="BM3DCollaborativeFunctorNN.h">
      <Filter>Header Files</Filter>
    </ClInclude>
    <ClInclude Include="BM3DImageBlockProcessorNN.h">
      <Filter>Header Files</Filter>
    </ClInclude>
    <ClInclude Include="BM3DImageBlockProcessorNNBOOST.h">
      <Filter>Header Files</Filter>
    </ClInclude>
  </ItemGroup>
</Project>